{
  "name": "akkordia",
  "lockfileVersion": 3,
  "requires": true,
  "packages": {
    "": {
      "name": "akkordia",
      "dependencies": {
        "@azure/msal-browser": "5.20.0"
      }
    },
    "node_modules/@azure/msal-browser": {
      "version": "5.20.0",
      "resolved": "https://registry.npmjs.org/@azure/msal-browser/-/msal-browser-5.20.0.tgz",
      "integrity": "sha512-mtOKr708E/E/+qhI50QufmhR8GS5C84IeFGEaH/guMOaPXT9B/obEt8TVzX5U8j5OEUgukn0PrRmwVKaigr2wA==",
      "license": "MIT",
      "dependencies": {
        "@azure/msal-common": "16.14.0"
      },
      "engines": {
        "node": ">=0.8.0"
      }
    },
    "node_modules/@azure/msal-common": {
      "version": "16.14.0",
      "resolved": "https://registry.npmjs.org/@azure/msal-common/-/msal-common-16.14.0.tgz",
      "integrity": "sha512-A4rb55hI86Q9tBl/+jBj7TMz7iX2RFgQs/nExFzcAtoI/BFRVdaH5SL/MivrYD7qvweMpN8AgVvVMHV8UBYxew==",
      "license": "MIT",
      "engines": {
        "node": ">=0.8.0"
      }
    }
  }
}
